
Microsoft Visual Studio Solution File, Format Version 12.00
# Visual Studio Version 16
VisualStudioVersion = 16.0.29709.97
MinimumVisualStudioVersion = 10.0.40219.1
Project("{FAE04EC0-301F-11D3-BF4B-00C04F79EFBC}") = "lab_1C", "lab_1C\lab_1C.csproj", "{D5C99C39-CD5D-4404-A381-12290E8ACF9B}"
EndProject
Global
	GlobalSection(SolutionConfigurationPlatforms) = preSolution
		Debug|Any CPU = Debug|Any CPU
		Release|Any CPU = Release|Any CPU
	EndGlobalSection
	GlobalSection(ProjectConfigurationPlatforms) = postSolution
		{D5C99C39-CD5D-4404-A381-12290E8ACF9B}.Debug|Any CPU.ActiveCfg = Debug|Any CPU
		{D5C99C39-CD5D-4404-A381-12290E8ACF9B}.Debug|Any CPU.Build.0 = Debug|Any CPU
		{D5C99C39-CD5D-4404-A381-12290E8ACF9B}.Release|Any CPU.ActiveCfg = Release|Any CPU
		{D5C99C39-CD5D-4404-A381-12290E8ACF9B}.Release|Any CPU.Build.0 = Release|Any CPU
	EndGlobalSection
	GlobalSection(SolutionProperties) = preSolution
		HideSolutionNode = FALSE
	EndGlobalSection
	GlobalSection(ExtensibilityGlobals) = postSolution
		SolutionGuid = {A8B48DEC-277B-4B8A-9B50-21F77D405C9F}
	EndGlobalSection
EndGlobal
